
Microsoft Visual Studio Solution File, Format Version 12.00
# Visual Studio Version 17
VisualStudioVersion = 17.5.33516.290
MinimumVisualStudioVersion = 10.0.40219.1
Project("{2150E333-8FDC-42A3-9474-1A3956D46DE8}") = "Infrastructures", "Infrastructures", "{B54F62DA-AA33-49EA-986D-61768B692481}"
EndProject
Project("{9A19103F-16F7-4668-BE54-9A1E7A4F7556}") = "ThreeL.Infra.Core", "Infrastructures\ThreeL.Infra.Core\ThreeL.Infra.Core.csproj", "{98BFF09C-5B75-43B1-A7D6-7233CCC3CE78}"
EndProject
Project("{9A19103F-16F7-4668-BE54-9A1E7A4F7556}") = "ThreeL.Infra.SuperSocket", "Infrastructures\ThreeL.Infra.SuperSocket\ThreeL.Infra.SuperSocket.csproj", "{B7ADC328-6944-4D1E-B172-A280E5DF9880}"
EndProject
Project("{2150E333-8FDC-42A3-9474-1A3956D46DE8}") = "Shared", "Shared", "{74E4EFD7-95B3-4169-895A-44136AE24CC4}"
EndProject
Project("{9A19103F-16F7-4668-BE54-9A1E7A4F7556}") = "ThreeL.Shared.SuperSocket", "Shared\ThreeL.Shared.SuperSocket\ThreeL.Shared.SuperSocket.csproj", "{17CDB149-459F-4053-B06E-6B50A72E2E1F}"
EndProject
Project("{9A19103F-16F7-4668-BE54-9A1E7A4F7556}") = "ThreeL.Infra.MongoDb", "Infrastructures\ThreeL.Infra.MongoDb\ThreeL.Infra.MongoDb.csproj", "{EFE66B83-F2D1-4A34-B29C-BD936888AB27}"
EndProject
Project("{9A19103F-16F7-4668-BE54-9A1E7A4F7556}") = "ThreeL.Infra.Dapper", "Infrastructures\ThreeL.Infra.Dapper\ThreeL.Infra.Dapper.csproj", "{5F4BE06D-325E-4104-A6F1-42B4C3011472}"
EndProject
Project("{2150E333-8FDC-42A3-9474-1A3956D46DE8}") = "Application", "Application", "{8DEA1304-5CC1-449A-8A4D-811A9486ACED}"
EndProject
Project("{9A19103F-16F7-4668-BE54-9A1E7A4F7556}") = "ThreeL.Infra.Cache.Redis", "Infrastructures\ThreeL.Infra.Cache.Redis\ThreeL.Infra.Cache.Redis.csproj", "{9B80C907-EE13-4044-897F-BA4BFD3968AD}"
EndProject
Project("{9A19103F-16F7-4668-BE54-9A1E7A4F7556}") = "ThreeL.Infra.Repository", "Infrastructures\ThreeL.Infra.Repository\ThreeL.Infra.Repository.csproj", "{76F3CFD9-D4FA-4799-AD07-B9E41C3704D0}"
EndProject
Project("{2150E333-8FDC-42A3-9474-1A3956D46DE8}") = "01.ContextAPI", "01.ContextAPI", "{B499CE42-75DC-4265-AEDF-DD2AF67F50B4}"
EndProject
Project("{9A19103F-16F7-4668-BE54-9A1E7A4F7556}") = "ThreeL.ContextAPI.Application.Contract", "Application\ContextAPI\ThreeL.ContextAPI.Application.Contract\ThreeL.ContextAPI.Application.Contract.csproj", "{A267F680-5E65-4A5E-959E-F7FFF8B7834D}"
EndProject
Project("{9A19103F-16F7-4668-BE54-9A1E7A4F7556}") = "ThreeL.ContextAPI.Application.Impl", "Application\ContextAPI\ThreeL.ContextAPI.Application.Impl\ThreeL.ContextAPI.Application.Impl.csproj", "{97C2513E-B29A-4515-91D0-2FA6FF3E338B}"
EndProject
Project("{9A19103F-16F7-4668-BE54-9A1E7A4F7556}") = "ThreeL.ContextAPI.Domain", "Application\ContextAPI\ThreeL.ContextAPI.Domain\ThreeL.ContextAPI.Domain.csproj", "{E73C1D83-3833-4028-9805-2EAD5F8B247E}"
EndProject
Project("{9A19103F-16F7-4668-BE54-9A1E7A4F7556}") = "ThreeL.Shared.Domain", "Shared\ThreeL.Shared.Domain\ThreeL.Shared.Domain.csproj", "{EDD60F4B-5291-4EC2-BA50-480ACABFBCA4}"
EndProject
Project("{2150E333-8FDC-42A3-9474-1A3956D46DE8}") = "Clients", "Clients", "{E4DB58FF-FB74-482C-A214-6F68EFFD8EB8}"
EndProject
Project("{2150E333-8FDC-42A3-9474-1A3956D46DE8}") = "Server", "Server", "{428EAEA1-738B-4B6D-8673-94C037DB6943}"
EndProject
Project("{9A19103F-16F7-4668-BE54-9A1E7A4F7556}") = "ThreeL.ContextAPI", "Server\ThreeL.ContextAPI\ThreeL.ContextAPI.csproj", "{0B3A0D4E-D216-4278-A644-234D1D8897FF}"
EndProject
Project("{9A19103F-16F7-4668-BE54-9A1E7A4F7556}") = "ThreeL.SocketServer", "Server\ThreeL.SocketServer\ThreeL.SocketServer.csproj", "{E3A02204-B555-4CAD-B66F-F108F3F5DA93}"
EndProject
Project("{9A19103F-16F7-4668-BE54-9A1E7A4F7556}") = "ThreeL.Client.Win", "Clients\ThreeL.Client.Win\ThreeL.Client.Win.csproj", "{2AE36922-F2F9-4051-BA99-54373557288D}"
EndProject
Project("{9A19103F-16F7-4668-BE54-9A1E7A4F7556}") = "ThreeL.Shared.Application.Contract", "Shared\ThreeL.Shared.Application.Contract\ThreeL.Shared.Application.Contract.csproj", "{295DB962-0E16-458F-AD7D-EB348C99C647}"
EndProject
Project("{9A19103F-16F7-4668-BE54-9A1E7A4F7556}") = "ThreeL.Shared.Application", "Application\ContextAPI\ThreeL.Shared.Application\ThreeL.Shared.Application.csproj", "{5E34C46D-FF31-4C9D-81CA-BC8A459E6B57}"
EndProject
Project("{9A19103F-16F7-4668-BE54-9A1E7A4F7556}") = "ThreeL.Infra.Redis", "Infrastructures\ThreeL.Infra.Redis\ThreeL.Infra.Redis.csproj", "{05D65436-6E6F-4F9D-ABF2-B5E88B5ABCB4}"
EndProject
Project("{2150E333-8FDC-42A3-9474-1A3956D46DE8}") = "02.SocketServer", "02.SocketServer", "{C786C644-6C25-4C7B-8E29-DD5004CCFEA8}"
EndProject
Project("{9A19103F-16F7-4668-BE54-9A1E7A4F7556}") = "ThreeL.SocketServer.Application.Contract", "Application\SocketServer\ThreeL.SocketServer.Application.Contract\ThreeL.SocketServer.Application.Contract.csproj", "{ABB9A897-8A51-4528-8228-6EEAE6A4A26C}"
EndProject
Project("{9A19103F-16F7-4668-BE54-9A1E7A4F7556}") = "ThreeL.SocketServer.Application.Impl", "Application\SocketServer\ThreeL.SocketServer.Application.Impl\ThreeL.SocketServer.Application.Impl.csproj", "{A7A0DDC3-5EB6-4FFB-AA56-339EA2FE4AFB}"
EndProject
Project("{9A19103F-16F7-4668-BE54-9A1E7A4F7556}") = "ThreeL.Client.Shared", "Clients\ThreeL.Client.Shared\ThreeL.Client.Shared.csproj", "{BD5611E7-8A70-42E9-8F0A-234676DF30ED}"
EndProject
Project("{FAE04EC0-301F-11D3-BF4B-00C04F79EFBC}") = "ThreeL.Shared.WebApi", "Shared\ThreeL.Shared.WebApi\ThreeL.Shared.WebApi.csproj", "{811DA2A0-B6F7-489D-9AC5-7286BEFB0B2F}"
EndProject
Global
	GlobalSection(SolutionConfigurationPlatforms) = preSolution
		Debug|Any CPU = Debug|Any CPU
		Release|Any CPU = Release|Any CPU
	EndGlobalSection
	GlobalSection(ProjectConfigurationPlatforms) = postSolution
		{98BFF09C-5B75-43B1-A7D6-7233CCC3CE78}.Debug|Any CPU.ActiveCfg = Debug|Any CPU
		{98BFF09C-5B75-43B1-A7D6-7233CCC3CE78}.Debug|Any CPU.Build.0 = Debug|Any CPU
		{98BFF09C-5B75-43B1-A7D6-7233CCC3CE78}.Release|Any CPU.ActiveCfg = Release|Any CPU
		{98BFF09C-5B75-43B1-A7D6-7233CCC3CE78}.Release|Any CPU.Build.0 = Release|Any CPU
		{B7ADC328-6944-4D1E-B172-A280E5DF9880}.Debug|Any CPU.ActiveCfg = Debug|Any CPU
		{B7ADC328-6944-4D1E-B172-A280E5DF9880}.Debug|Any CPU.Build.0 = Debug|Any CPU
		{B7ADC328-6944-4D1E-B172-A280E5DF9880}.Release|Any CPU.ActiveCfg = Release|Any CPU
		{B7ADC328-6944-4D1E-B172-A280E5DF9880}.Release|Any CPU.Build.0 = Release|Any CPU
		{17CDB149-459F-4053-B06E-6B50A72E2E1F}.Debug|Any CPU.ActiveCfg = Debug|Any CPU
		{17CDB149-459F-4053-B06E-6B50A72E2E1F}.Debug|Any CPU.Build.0 = Debug|Any CPU
		{17CDB149-459F-4053-B06E-6B50A72E2E1F}.Release|Any CPU.ActiveCfg = Release|Any CPU
		{17CDB149-459F-4053-B06E-6B50A72E2E1F}.Release|Any CPU.Build.0 = Release|Any CPU
		{EFE66B83-F2D1-4A34-B29C-BD936888AB27}.Debug|Any CPU.ActiveCfg = Debug|Any CPU
		{EFE66B83-F2D1-4A34-B29C-BD936888AB27}.Debug|Any CPU.Build.0 = Debug|Any CPU
		{EFE66B83-F2D1-4A34-B29C-BD936888AB27}.Release|Any CPU.ActiveCfg = Release|Any CPU
		{EFE66B83-F2D1-4A34-B29C-BD936888AB27}.Release|Any CPU.Build.0 = Release|Any CPU
		{5F4BE06D-325E-4104-A6F1-42B4C3011472}.Debug|Any CPU.ActiveCfg = Debug|Any CPU
		{5F4BE06D-325E-4104-A6F1-42B4C3011472}.Debug|Any CPU.Build.0 = Debug|Any CPU
		{5F4BE06D-325E-4104-A6F1-42B4C3011472}.Release|Any CPU.ActiveCfg = Release|Any CPU
		{5F4BE06D-325E-4104-A6F1-42B4C3011472}.Release|Any CPU.Build.0 = Release|Any CPU
		{9B80C907-EE13-4044-897F-BA4BFD3968AD}.Debug|Any CPU.ActiveCfg = Debug|Any CPU
		{9B80C907-EE13-4044-897F-BA4BFD3968AD}.Debug|Any CPU.Build.0 = Debug|Any CPU
		{9B80C907-EE13-4044-897F-BA4BFD3968AD}.Release|Any CPU.ActiveCfg = Release|Any CPU
		{9B80C907-EE13-4044-897F-BA4BFD3968AD}.Release|Any CPU.Build.0 = Release|Any CPU
		{76F3CFD9-D4FA-4799-AD07-B9E41C3704D0}.Debug|Any CPU.ActiveCfg = Debug|Any CPU
		{76F3CFD9-D4FA-4799-AD07-B9E41C3704D0}.Debug|Any CPU.Build.0 = Debug|Any CPU
		{76F3CFD9-D4FA-4799-AD07-B9E41C3704D0}.Release|Any CPU.ActiveCfg = Release|Any CPU
		{76F3CFD9-D4FA-4799-AD07-B9E41C3704D0}.Release|Any CPU.Build.0 = Release|Any CPU
		{A267F680-5E65-4A5E-959E-F7FFF8B7834D}.Debug|Any CPU.ActiveCfg = Debug|Any CPU
		{A267F680-5E65-4A5E-959E-F7FFF8B7834D}.Debug|Any CPU.Build.0 = Debug|Any CPU
		{A267F680-5E65-4A5E-959E-F7FFF8B7834D}.Release|Any CPU.ActiveCfg = Release|Any CPU
		{A267F680-5E65-4A5E-959E-F7FFF8B7834D}.Release|Any CPU.Build.0 = Release|Any CPU
		{97C2513E-B29A-4515-91D0-2FA6FF3E338B}.Debug|Any CPU.ActiveCfg = Debug|Any CPU
		{97C2513E-B29A-4515-91D0-2FA6FF3E338B}.Debug|Any CPU.Build.0 = Debug|Any CPU
		{97C2513E-B29A-4515-91D0-2FA6FF3E338B}.Release|Any CPU.ActiveCfg = Release|Any CPU
		{97C2513E-B29A-4515-91D0-2FA6FF3E338B}.Release|Any CPU.Build.0 = Release|Any CPU
		{E73C1D83-3833-4028-9805-2EAD5F8B247E}.Debug|Any CPU.ActiveCfg = Debug|Any CPU
		{E73C1D83-3833-4028-9805-2EAD5F8B247E}.Debug|Any CPU.Build.0 = Debug|Any CPU
		{E73C1D83-3833-4028-9805-2EAD5F8B247E}.Release|Any CPU.ActiveCfg = Release|Any CPU
		{E73C1D83-3833-4028-9805-2EAD5F8B247E}.Release|Any CPU.Build.0 = Release|Any CPU
		{EDD60F4B-5291-4EC2-BA50-480ACABFBCA4}.Debug|Any CPU.ActiveCfg = Debug|Any CPU
		{EDD60F4B-5291-4EC2-BA50-480ACABFBCA4}.Debug|Any CPU.Build.0 = Debug|Any CPU
		{EDD60F4B-5291-4EC2-BA50-480ACABFBCA4}.Release|Any CPU.ActiveCfg = Release|Any CPU
		{EDD60F4B-5291-4EC2-BA50-480ACABFBCA4}.Release|Any CPU.Build.0 = Release|Any CPU
		{0B3A0D4E-D216-4278-A644-234D1D8897FF}.Debug|Any CPU.ActiveCfg = Debug|Any CPU
		{0B3A0D4E-D216-4278-A644-234D1D8897FF}.Debug|Any CPU.Build.0 = Debug|Any CPU
		{0B3A0D4E-D216-4278-A644-234D1D8897FF}.Release|Any CPU.ActiveCfg = Release|Any CPU
		{0B3A0D4E-D216-4278-A644-234D1D8897FF}.Release|Any CPU.Build.0 = Release|Any CPU
		{E3A02204-B555-4CAD-B66F-F108F3F5DA93}.Debug|Any CPU.ActiveCfg = Debug|Any CPU
		{E3A02204-B555-4CAD-B66F-F108F3F5DA93}.Debug|Any CPU.Build.0 = Debug|Any CPU
		{E3A02204-B555-4CAD-B66F-F108F3F5DA93}.Release|Any CPU.ActiveCfg = Release|Any CPU
		{E3A02204-B555-4CAD-B66F-F108F3F5DA93}.Release|Any CPU.Build.0 = Release|Any CPU
		{2AE36922-F2F9-4051-BA99-54373557288D}.Debug|Any CPU.ActiveCfg = Debug|Any CPU
		{2AE36922-F2F9-4051-BA99-54373557288D}.Debug|Any CPU.Build.0 = Debug|Any CPU
		{2AE36922-F2F9-4051-BA99-54373557288D}.Release|Any CPU.ActiveCfg = Release|Any CPU
		{2AE36922-F2F9-4051-BA99-54373557288D}.Release|Any CPU.Build.0 = Release|Any CPU
		{295DB962-0E16-458F-AD7D-EB348C99C647}.Debug|Any CPU.ActiveCfg = Debug|Any CPU
		{295DB962-0E16-458F-AD7D-EB348C99C647}.Debug|Any CPU.Build.0 = Debug|Any CPU
		{295DB962-0E16-458F-AD7D-EB348C99C647}.Release|Any CPU.ActiveCfg = Release|Any CPU
		{295DB962-0E16-458F-AD7D-EB348C99C647}.Release|Any CPU.Build.0 = Release|Any CPU
		{5E34C46D-FF31-4C9D-81CA-BC8A459E6B57}.Debug|Any CPU.ActiveCfg = Debug|Any CPU
		{5E34C46D-FF31-4C9D-81CA-BC8A459E6B57}.Debug|Any CPU.Build.0 = Debug|Any CPU
		{5E34C46D-FF31-4C9D-81CA-BC8A459E6B57}.Release|Any CPU.ActiveCfg = Release|Any CPU
		{5E34C46D-FF31-4C9D-81CA-BC8A459E6B57}.Release|Any CPU.Build.0 = Release|Any CPU
		{05D65436-6E6F-4F9D-ABF2-B5E88B5ABCB4}.Debug|Any CPU.ActiveCfg = Debug|Any CPU
		{05D65436-6E6F-4F9D-ABF2-B5E88B5ABCB4}.Debug|Any CPU.Build.0 = Debug|Any CPU
		{05D65436-6E6F-4F9D-ABF2-B5E88B5ABCB4}.Release|Any CPU.ActiveCfg = Release|Any CPU
		{05D65436-6E6F-4F9D-ABF2-B5E88B5ABCB4}.Release|Any CPU.Build.0 = Release|Any CPU
		{ABB9A897-8A51-4528-8228-6EEAE6A4A26C}.Debug|Any CPU.ActiveCfg = Debug|Any CPU
		{ABB9A897-8A51-4528-8228-6EEAE6A4A26C}.Debug|Any CPU.Build.0 = Debug|Any CPU
		{ABB9A897-8A51-4528-8228-6EEAE6A4A26C}.Release|Any CPU.ActiveCfg = Release|Any CPU
		{ABB9A897-8A51-4528-8228-6EEAE6A4A26C}.Release|Any CPU.Build.0 = Release|Any CPU
		{A7A0DDC3-5EB6-4FFB-AA56-339EA2FE4AFB}.Debug|Any CPU.ActiveCfg = Debug|Any CPU
		{A7A0DDC3-5EB6-4FFB-AA56-339EA2FE4AFB}.Debug|Any CPU.Build.0 = Debug|Any CPU
		{A7A0DDC3-5EB6-4FFB-AA56-339EA2FE4AFB}.Release|Any CPU.ActiveCfg = Release|Any CPU
		{A7A0DDC3-5EB6-4FFB-AA56-339EA2FE4AFB}.Release|Any CPU.Build.0 = Release|Any CPU
		{BD5611E7-8A70-42E9-8F0A-234676DF30ED}.Debug|Any CPU.ActiveCfg = Debug|Any CPU
		{BD5611E7-8A70-42E9-8F0A-234676DF30ED}.Debug|Any CPU.Build.0 = Debug|Any CPU
		{BD5611E7-8A70-42E9-8F0A-234676DF30ED}.Release|Any CPU.ActiveCfg = Release|Any CPU
		{BD5611E7-8A70-42E9-8F0A-234676DF30ED}.Release|Any CPU.Build.0 = Release|Any CPU
		{811DA2A0-B6F7-489D-9AC5-7286BEFB0B2F}.Debug|Any CPU.ActiveCfg = Debug|Any CPU
		{811DA2A0-B6F7-489D-9AC5-7286BEFB0B2F}.Debug|Any CPU.Build.0 = Debug|Any CPU
		{811DA2A0-B6F7-489D-9AC5-7286BEFB0B2F}.Release|Any CPU.ActiveCfg = Release|Any CPU
		{811DA2A0-B6F7-489D-9AC5-7286BEFB0B2F}.Release|Any CPU.Build.0 = Release|Any CPU
	EndGlobalSection
	GlobalSection(SolutionProperties) = preSolution
		HideSolutionNode = FALSE
	EndGlobalSection
	GlobalSection(NestedProjects) = preSolution
		{98BFF09C-5B75-43B1-A7D6-7233CCC3CE78} = {B54F62DA-AA33-49EA-986D-61768B692481}
		{B7ADC328-6944-4D1E-B172-A280E5DF9880} = {B54F62DA-AA33-49EA-986D-61768B692481}
		{17CDB149-459F-4053-B06E-6B50A72E2E1F} = {74E4EFD7-95B3-4169-895A-44136AE24CC4}
		{EFE66B83-F2D1-4A34-B29C-BD936888AB27} = {B54F62DA-AA33-49EA-986D-61768B692481}
		{5F4BE06D-325E-4104-A6F1-42B4C3011472} = {B54F62DA-AA33-49EA-986D-61768B692481}
		{9B80C907-EE13-4044-897F-BA4BFD3968AD} = {B54F62DA-AA33-49EA-986D-61768B692481}
		{76F3CFD9-D4FA-4799-AD07-B9E41C3704D0} = {B54F62DA-AA33-49EA-986D-61768B692481}
		{B499CE42-75DC-4265-AEDF-DD2AF67F50B4} = {8DEA1304-5CC1-449A-8A4D-811A9486ACED}
		{A267F680-5E65-4A5E-959E-F7FFF8B7834D} = {B499CE42-75DC-4265-AEDF-DD2AF67F50B4}
		{97C2513E-B29A-4515-91D0-2FA6FF3E338B} = {B499CE42-75DC-4265-AEDF-DD2AF67F50B4}
		{E73C1D83-3833-4028-9805-2EAD5F8B247E} = {B499CE42-75DC-4265-AEDF-DD2AF67F50B4}
		{EDD60F4B-5291-4EC2-BA50-480ACABFBCA4} = {74E4EFD7-95B3-4169-895A-44136AE24CC4}
		{0B3A0D4E-D216-4278-A644-234D1D8897FF} = {428EAEA1-738B-4B6D-8673-94C037DB6943}
		{E3A02204-B555-4CAD-B66F-F108F3F5DA93} = {428EAEA1-738B-4B6D-8673-94C037DB6943}
		{2AE36922-F2F9-4051-BA99-54373557288D} = {E4DB58FF-FB74-482C-A214-6F68EFFD8EB8}
		{295DB962-0E16-458F-AD7D-EB348C99C647} = {74E4EFD7-95B3-4169-895A-44136AE24CC4}
		{5E34C46D-FF31-4C9D-81CA-BC8A459E6B57} = {74E4EFD7-95B3-4169-895A-44136AE24CC4}
		{05D65436-6E6F-4F9D-ABF2-B5E88B5ABCB4} = {B54F62DA-AA33-49EA-986D-61768B692481}
		{C786C644-6C25-4C7B-8E29-DD5004CCFEA8} = {8DEA1304-5CC1-449A-8A4D-811A9486ACED}
		{ABB9A897-8A51-4528-8228-6EEAE6A4A26C} = {C786C644-6C25-4C7B-8E29-DD5004CCFEA8}
		{A7A0DDC3-5EB6-4FFB-AA56-339EA2FE4AFB} = {C786C644-6C25-4C7B-8E29-DD5004CCFEA8}
		{BD5611E7-8A70-42E9-8F0A-234676DF30ED} = {E4DB58FF-FB74-482C-A214-6F68EFFD8EB8}
		{811DA2A0-B6F7-489D-9AC5-7286BEFB0B2F} = {74E4EFD7-95B3-4169-895A-44136AE24CC4}
	EndGlobalSection
	GlobalSection(ExtensibilityGlobals) = postSolution
		SolutionGuid = {1E61994D-66D6-42B4-8899-929E1BE73FBE}
	EndGlobalSection
EndGlobal
